<?xml version="1.0" encoding="utf-8"?>
<Project ToolsVersion="4.0" xmlns="http://schemas.microsoft.com/developer/msbuild/2003">
  <ItemGroup>
    <Filter Include="Source Files">
      <UniqueIdentifier>{4FC737F1-C7A5-4376-A066-2A32D752A2FF}</UniqueIdentifier>
      <Extensions>qml;cpp;c;cc;cxx;def;odl;idl;hpj;bat;asm;asmx</Extensions>
    </Filter>
    <Filter Include="Header Files">
      <UniqueIdentifier>{93995380-89BD-4b04-88EB-625FBE52EBFB}</UniqueIdentifier>
      <Extensions>h;hh;hpp;hxx;hm;inl;inc;xsd</Extensions>
    </Filter>
    <Filter Include="Resource Files">
      <UniqueIdentifier>{67DA6AB6-F800-4c08-8B7A-83BB121AAD01}</UniqueIdentifier>
      <Extensions>qrc;rc;ico;cur;bmp;dlg;rc2;rct;bin;rgs;gif;jpg;jpeg;jpe;resx;tiff;tif;png;wav;mfcribbon-ms</Extensions>
    </Filter>
    <Filter Include="Form Files">
      <UniqueIdentifier>{99349809-55BA-4b9d-BF79-8FDBB0286EB3}</UniqueIdentifier>
      <Extensions>ui</Extensions>
    </Filter>
    <Filter Include="Translation Files">
      <UniqueIdentifier>{639EADAA-A684-42e4-A9AD-28FC9BCB8F7C}</UniqueIdentifier>
      <Extensions>ts</Extensions>
    </Filter>
  </ItemGroup>
  <ItemGroup>
    <QtRcc Include="reposaveeditor.qrc">
      <Filter>Resource Files</Filter>
    </QtRcc>
    <QtUic Include="reposaveeditor.ui">
      <Filter>Form Files</Filter>
    </QtUic>
    <QtMoc Include="include\reposaveeditor.h">
      <Filter>Header Files</Filter>
    </QtMoc>
    <ClCompile Include="reposaveeditor.cpp">
      <Filter>Source Files</Filter>
    </ClCompile>
    <ResourceCompile Include="reposaveeditor.rc">
      <Filter>Resource Files</Filter>
    </ResourceCompile>
  </ItemGroup>
  <ItemGroup>
    <ClCompile Include="main.cpp">
      <Filter>Source Files</Filter>
    </ClCompile>
    <ClCompile Include="src\widgets\itemwidget\itemwidget.cpp">
      <Filter>Source Files</Filter>
    </ClCompile>
    <ClCompile Include="src\widgets\itemwidgetitem\itemwidgetitem.cpp">
      <Filter>Source Files</Filter>
    </ClCompile>
    <ClCompile Include="src/windows/playereditionwindow/playereditionwindow.cpp">
      <Filter>Source Files</Filter>
    </ClCompile>
    <ClCompile Include="src\widgets\playerwidget\playerwidget.cpp">
      <Filter>Source Files</Filter>
    </ClCompile>
    <ClCompile Include="src\widgets\worldwidget\worldwidget.cpp">
      <Filter>Source Files</Filter>
    </ClCompile>
    <ClCompile Include="src\classes\innerwindow.cpp">
      <Filter>Source Files</Filter>
    </ClCompile>
    <ClCompile Include="src\utilities\jsonwrapper.cpp">
      <Filter>Source Files</Filter>
    </ClCompile>
    <ClCompile Include="src\utilities\stdafx.cpp">
      <Filter>Source Files</Filter>
    </ClCompile>
  </ItemGroup>
  <ItemGroup>
    <ClInclude Include="include\jsonwrapper.h">
      <Filter>Header Files</Filter>
    </ClInclude>
    <ClInclude Include="include\nowheelspinbox.h">
      <Filter>Header Files</Filter>
    </ClInclude>
    <ClInclude Include="include\utility.h">
      <Filter>Header Files</Filter>
    </ClInclude>
    <ClInclude Include="include\stdafx.h">
      <Filter>Header Files</Filter>
    </ClInclude>
  </ItemGroup>
  <ItemGroup>
    <None Include="public/icon.ico">
      <Filter>Resource Files</Filter>
    </None>
    <None Include="translations\translation_ru.qm" />
  </ItemGroup>
  <ItemGroup>
    <QtMoc Include="include\innerwindow.h">
      <Filter>Header Files</Filter>
    </QtMoc>
    <QtMoc Include="include\playereditionwindow.h">
      <Filter>Header Files</Filter>
    </QtMoc>
    <QtMoc Include="include\worldwidget.h">
      <Filter>Header Files</Filter>
    </QtMoc>
    <QtMoc Include="include\playerwidget.h">
      <Filter>Header Files</Filter>
    </QtMoc>
    <QtMoc Include="include\itemwidget.h">
      <Filter>Header Files</Filter>
    </QtMoc>
    <QtMoc Include="include\itemwidgetitem.h">
      <Filter>Header Files</Filter>
    </QtMoc>
  </ItemGroup>
  <ItemGroup>
    <QtUic Include="src\widgets\itemwidget\itemwidget.ui">
      <Filter>Form Files</Filter>
    </QtUic>
    <QtUic Include="src\widgets\itemwidgetitem\itemwidgetitem.ui">
      <Filter>Form Files</Filter>
    </QtUic>
    <QtUic Include="src/windows/playereditionwindow/playereditionwindow.ui">
      <Filter>Form Files</Filter>
    </QtUic>
    <QtUic Include="src\widgets\playerwidget\playerwidget.ui">
      <Filter>Form Files</Filter>
    </QtUic>
    <QtUic Include="src\widgets\worldwidget\worldwidget.ui">
      <Filter>Form Files</Filter>
    </QtUic>
  </ItemGroup>
  <ItemGroup>
    <QtTranslation Include="src\i18n\translation_ru.ts">
      <Filter>Translation Files</Filter>
    </QtTranslation>
  </ItemGroup>
</Project>